
Microsoft Visual Studio Solution File, Format Version 12.00
# Visual Studio Version 16
VisualStudioVersion = 16.0.30804.86
MinimumVisualStudioVersion = 10.0.40219.1
Project("{8BC9CEB8-8B4A-11D0-8D11-00A0C91BC942}") = "myCode", "myCode.vcxproj", "{E878469B-410C-4A09-AFCE-A5EEC4FEFF55}"
EndProject
Global
	GlobalSection(SolutionConfigurationPlatforms) = preSolution
		Debug|x64 = Debug|x64
		Debug|x86 = Debug|x86
		Release|x64 = Release|x64
		Release|x86 = Release|x86
	EndGlobalSection
	GlobalSection(ProjectConfigurationPlatforms) = postSolution
		{E878469B-410C-4A09-AFCE-A5EEC4FEFF55}.Debug|x64.ActiveCfg = Debug|x64
		{E878469B-410C-4A09-AFCE-A5EEC4FEFF55}.Debug|x64.Build.0 = Debug|x64
		{E878469B-410C-4A09-AFCE-A5EEC4FEFF55}.Debug|x86.ActiveCfg = Debug|Win32
		{E878469B-410C-4A09-AFCE-A5EEC4FEFF55}.Debug|x86.Build.0 = Debug|Win32
		{E878469B-410C-4A09-AFCE-A5EEC4FEFF55}.Release|x64.ActiveCfg = Release|x64
		{E878469B-410C-4A09-AFCE-A5EEC4FEFF55}.Release|x64.Build.0 = Release|x64
		{E878469B-410C-4A09-AFCE-A5EEC4FEFF55}.Release|x86.ActiveCfg = Release|Win32
		{E878469B-410C-4A09-AFCE-A5EEC4FEFF55}.Release|x86.Build.0 = Release|Win32
	EndGlobalSection
	GlobalSection(SolutionProperties) = preSolution
		HideSolutionNode = FALSE
	EndGlobalSection
	GlobalSection(ExtensibilityGlobals) = postSolution
		SolutionGuid = {05F251C3-C8C8-427A-9741-F91A50B02A4D}
	EndGlobalSection
EndGlobal
